
Microsoft Visual Studio Solution File, Format Version 12.00
Project("{FAE04EC0-301F-11D3-BF4B-00C04F79EFBC}") = "Connector", "Connector\Connector.csproj", "{E3006FEA-1B0F-48CA-915C-140C0CF99973}"
EndProject
Project("{FAE04EC0-301F-11D3-BF4B-00C04F79EFBC}") = "ConsoleInterface", "ConsoleInterface\ConsoleInterface.csproj", "{4028D0E9-78DA-4301-9497-ECF47E842D14}"
EndProject
Project("{FAE04EC0-301F-11D3-BF4B-00C04F79EFBC}") = "Shared", "Shared\Shared.csproj", "{620F6412-A141-4BA7-9B55-BAED85DBF085}"
EndProject
Project("{FAE04EC0-301F-11D3-BF4B-00C04F79EFBC}") = "IFACARS", "IFACARS\IFACARS.csproj", "{67085AB1-9724-4978-9287-F05EC9F234F8}"
EndProject
Global
	GlobalSection(SolutionConfigurationPlatforms) = preSolution
		Debug|Any CPU = Debug|Any CPU
		Release|Any CPU = Release|Any CPU
	EndGlobalSection
	GlobalSection(ProjectConfigurationPlatforms) = postSolution
		{E3006FEA-1B0F-48CA-915C-140C0CF99973}.Debug|Any CPU.ActiveCfg = Debug|Any CPU
		{E3006FEA-1B0F-48CA-915C-140C0CF99973}.Debug|Any CPU.Build.0 = Debug|Any CPU
		{E3006FEA-1B0F-48CA-915C-140C0CF99973}.Release|Any CPU.ActiveCfg = Release|Any CPU
		{E3006FEA-1B0F-48CA-915C-140C0CF99973}.Release|Any CPU.Build.0 = Release|Any CPU
		{4028D0E9-78DA-4301-9497-ECF47E842D14}.Debug|Any CPU.ActiveCfg = Debug|Any CPU
		{4028D0E9-78DA-4301-9497-ECF47E842D14}.Debug|Any CPU.Build.0 = Debug|Any CPU
		{4028D0E9-78DA-4301-9497-ECF47E842D14}.Release|Any CPU.ActiveCfg = Release|Any CPU
		{4028D0E9-78DA-4301-9497-ECF47E842D14}.Release|Any CPU.Build.0 = Release|Any CPU
		{620F6412-A141-4BA7-9B55-BAED85DBF085}.Debug|Any CPU.ActiveCfg = Debug|Any CPU
		{620F6412-A141-4BA7-9B55-BAED85DBF085}.Debug|Any CPU.Build.0 = Debug|Any CPU
		{620F6412-A141-4BA7-9B55-BAED85DBF085}.Release|Any CPU.ActiveCfg = Release|Any CPU
		{620F6412-A141-4BA7-9B55-BAED85DBF085}.Release|Any CPU.Build.0 = Release|Any CPU
		{67085AB1-9724-4978-9287-F05EC9F234F8}.Debug|Any CPU.ActiveCfg = Debug|Any CPU
		{67085AB1-9724-4978-9287-F05EC9F234F8}.Debug|Any CPU.Build.0 = Debug|Any CPU
		{67085AB1-9724-4978-9287-F05EC9F234F8}.Release|Any CPU.ActiveCfg = Release|Any CPU
		{67085AB1-9724-4978-9287-F05EC9F234F8}.Release|Any CPU.Build.0 = Release|Any CPU
	EndGlobalSection
EndGlobal
